{
  "pins" : [
    {
      "identity" : "alamofire",
      "kind" : "remoteSourceControl",
      "location" : "https://github.com/Alamofire/Alamofire.git",
      "state" : {
        "revision" : "354dda32d89fc8cd4f5c46487f64957d355f53d8",
        "version" : "5.6.1"
      }
    },
    {
      "identity" : "cleanroomlogger",
      "kind" : "remoteSourceControl",
      "location" : "https://github.com/emaloney/CleanroomLogger.git",
      "state" : {
        "branch" : "master",
        "revision" : "d732baead85b77471505daf290212700b9d87a05"
      }
    },
    {
      "identity" : "swifterswift",
      "kind" : "remoteSourceControl",
      "location" : "https://github.com/SwifterSwift/SwifterSwift.git",
      "state" : {
        "branch" : "master",
        "revision" : "01d7e67082c06ca1a092a4a749a885040946a32b"
      }
    },
    {
      "identity" : "swiftyjson",
      "kind" : "remoteSourceControl",
      "location" : "https://github.com/SwiftyJSON/SwiftyJSON.git",
      "state" : {
        "branch" : "master",
        "revision" : "b3dcd7dbd0d488e1a7077cb33b00f2083e382f07"
      }
    }
  ],
  "version" : 2
}
